// !$*UTF8*$!
{
	archiveVersion = 1;
	classes = {
	};
	objectVersion = 46;
	objects = {

/* Begin PBXBuildFile section */
		044298141AF8211E007A9D2E /* CoreMotion.framework in Frameworks */ = {isa = PBXBuildFile; fileRef = 044298131AF8211E007A9D2E /* CoreMotion.framework */; };
		04848BAA1AF0BC08005354A9 /* main.m in Sources */ = {isa = PBXBuildFile; fileRef = 04848BA91AF0BC08005354A9 /* main.m */; };
		04848BAD1AF0BC08005354A9 /* AppDelegate.m in Sources */ = {isa = PBXBuildFile; fileRef = 04848BAC1AF0BC08005354A9 /* AppDelegate.m */; };
		04848BB01AF0BC08005354A9 /* GameScene.m in Sources */ = {isa = PBXBuildFile; fileRef = 04848BAF1AF0BC08005354A9 /* GameScene.m */; };
		04848BB51AF0BC08005354A9 /* GameViewController.m in Sources */ = {isa = PBXBuildFile; fileRef = 04848BB41AF0BC08005354A9 /* GameViewController.m */; };
		04848BB81AF0BC08005354A9 /* Main.storyboard in Resources */ = {isa = PBXBuildFile; fileRef = 04848BB61AF0BC08005354A9 /* Main.storyboard */; };
		04848BBA1AF0BC08005354A9 /* Images.xcassets in Resources */ = {isa = PBXBuildFile; fileRef = 04848BB91AF0BC08005354A9 /* Images.xcassets */; };
		04848BBD1AF0BC08005354A9 /* LaunchScreen.xib in Resources */ = {isa = PBXBuildFile; fileRef = 04848BBB1AF0BC08005354A9 /* LaunchScreen.xib */; };
		04848BC91AF0BC08005354A9 /* HyperSlideTests.m in Sources */ = {isa = PBXBuildFile; fileRef = 04848BC81AF0BC08005354A9 /* HyperSlideTests.m */; };
/* End PBXBuildFile section */

/* Begin PBXContainerItemProxy section */
		04848BC31AF0BC08005354A9 /* PBXContainerItemProxy */ = {
			isa = PBXContainerItemProxy;
			containerPortal = 04848B9C1AF0BC08005354A9 /* Project object */;
			proxyType = 1;
			remoteGlobalIDString = 04848BA31AF0BC08005354A9;
			remoteInfo = HyperSlide;
		};
/* End PBXContainerItemProxy section */

/* Begin PBXFileReference section */
		044298131AF8211E007A9D2E /* CoreMotion.framework */ = {isa = PBXFileReference; lastKnownFileType = wrapper.framework; name = CoreMotion.framework; path = System/Library/Frameworks/CoreMotion.framework; sourceTree = SDKROOT; };
		04848BA41AF0BC08005354A9 /* HyperSlide.app */ = {isa = PBXFileReference; explicitFileType = wrapper.application; includeInIndex = 0; path = HyperSlide.app; sourceTree = BUILT_PRODUCTS_DIR; };
		04848BA81AF0BC08005354A9 /* Info.plist */ = {isa = PBXFileReference; lastKnownFileType = text.plist.xml; path = Info.plist; sourceTree = "<group>"; };
		04848BA91AF0BC08005354A9 /* main.m */ = {isa = PBXFileReference; lastKnownFileType = sourcecode.c.objc; path = main.m; sourceTree = "<group>"; };
		04848BAB1AF0BC08005354A9 /* AppDelegate.h */ = {isa = PBXFileReference; lastKnownFileType = sourcecode.c.h; path = AppDelegate.h; sourceTree = "<group>"; };
		04848BAC1AF0BC08005354A9 /* AppDelegate.m */ = {isa = PBXFileReference; lastKnownFileType = sourcecode.c.objc; path = AppDelegate.m; sourceTree = "<group>"; };
		04848BAE1AF0BC08005354A9 /* GameScene.h */ = {isa = PBXFileReference; lastKnownFileType = sourcecode.c.h; path = GameScene.h; sourceTree = "<group>"; };
		04848BAF1AF0BC08005354A9 /* GameScene.m */ = {isa = PBXFileReference; lastKnownFileType = sourcecode.c.objc; path = GameScene.m; sourceTree = "<group>"; };
		04848BB31AF0BC08005354A9 /* GameViewController.h */ = {isa = PBXFileReference; lastKnownFileType = sourcecode.c.h; path = GameViewController.h; sourceTree = "<group>"; };
		04848BB41AF0BC08005354A9 /* GameViewController.m */ = {isa = PBXFileReference; lastKnownFileType = sourcecode.c.objc; path = GameViewController.m; sourceTree = "<group>"; };
		04848BB71AF0BC08005354A9 /* Base */ = {isa = PBXFileReference; lastKnownFileType = file.storyboard; name = Base; path = Base.lproj/Main.storyboard; sourceTree = "<group>"; };
		04848BB91AF0BC08005354A9 /* Images.xcassets */ = {isa = PBXFileReference; lastKnownFileType = folder.assetcatalog; path = Images.xcassets; sourceTree = "<group>"; };
		04848BBC1AF0BC08005354A9 /* Base */ = {isa = PBXFileReference; lastKnownFileType = file.xib; name = Base; path = Base.lproj/LaunchScreen.xib; sourceTree = "<group>"; };
		04848BC21AF0BC08005354A9 /* HyperSlideTests.xctest */ = {isa = PBXFileReference; explicitFileType = wrapper.cfbundle; includeInIndex = 0; path = HyperSlideTests.xctest; sourceTree = BUILT_PRODUCTS_DIR; };
		04848BC71AF0BC08005354A9 /* Info.plist */ = {isa = PBXFileReference; lastKnownFileType = text.plist.xml; path = Info.plist; sourceTree = "<group>"; };
		04848BC81AF0BC08005354A9 /* HyperSlideTests.m */ = {isa = PBXFileReference; lastKnownFileType = sourcecode.c.objc; path = HyperSlideTests.m; sourceTree = "<group>"; };
/* End PBXFileReference section */

/* Begin PBXFrameworksBuildPhase section */
		04848BA11AF0BC08005354A9 /* Frameworks */ = {
			isa = PBXFrameworksBuildPhase;
			buildActionMask = 2147483647;
			files = (
				044298141AF8211E007A9D2E /* CoreMotion.framework in Frameworks */,
			);
			runOnlyForDeploymentPostprocessing = 0;
		};
		04848BBF1AF0BC08005354A9 /* Frameworks */ = {
			isa = PBXFrameworksBuildPhase;
			buildActionMask = 2147483647;
			files = (
			);
			runOnlyForDeploymentPostprocessing = 0;
		};
/* End PBXFrameworksBuildPhase section */

/* Begin PBXGroup section */
		04848B9B1AF0BC08005354A9 = {
			isa = PBXGroup;
			children = (
				044298131AF8211E007A9D2E /* CoreMotion.framework */,
				04848BA61AF0BC08005354A9 /* HyperSlide */,
				04848BC51AF0BC08005354A9 /* HyperSlideTests */,
				04848BA51AF0BC08005354A9 /* Products */,
			);
			sourceTree = "<group>";
		};
		04848BA51AF0BC08005354A9 /* Products */ = {
			isa = PBXGroup;
			children = (
				04848BA41AF0BC08005354A9 /* HyperSlide.app */,
				04848BC21AF0BC08005354A9 /* HyperSlideTests.xctest */,
			);
			name = Products;
			sourceTree = "<group>";
		};
		04848BA61AF0BC08005354A9 /* HyperSlide */ = {
			isa = PBXGroup;
			children = (
				04848BAB1AF0BC08005354A9 /* AppDelegate.h */,
				04848BAC1AF0BC08005354A9 /* AppDelegate.m */,
				04848BAE1AF0BC08005354A9 /* GameScene.h */,
				04848BAF1AF0BC08005354A9 /* GameScene.m */,
				04848BB31AF0BC08005354A9 /* GameViewController.h */,
				04848BB41AF0BC08005354A9 /* GameViewController.m */,
				04848BB61AF0BC08005354A9 /* Main.storyboard */,
				04848BB91AF0BC08005354A9 /* Images.xcassets */,
				04848BBB1AF0BC08005354A9 /* LaunchScreen.xib */,
				04848BA71AF0BC08005354A9 /* Supporting Files */,
			);
			path = HyperSlide;
			sourceTree = "<group>";
		};
		04848BA71AF0BC08005354A9 /* Supporting Files */ = {
			isa = PBXGroup;
			children = (
				04848BA81AF0BC08005354A9 /* Info.plist */,
				04848BA91AF0BC08005354A9 /* main.m */,
			);
			name = "Supporting Files";
			sourceTree = "<group>";
		};
		04848BC51AF0BC08005354A9 /* HyperSlideTests */ = {
			isa = PBXGroup;
			children = (
				04848BC81AF0BC08005354A9 /* HyperSlideTests.m */,
				04848BC61AF0BC08005354A9 /* Supporting Files */,
			);
			path = HyperSlideTests;
			sourceTree = "<group>";
		};
		04848BC61AF0BC08005354A9 /* Supporting Files */ = {
			isa = PBXGroup;
			children = (
				04848BC71AF0BC08005354A9 /* Info.plist */,
			);
			name = "Supporting Files";
			sourceTree = "<group>";
		};
/* End PBXGroup section */

/* Begin PBXNativeTarget section */
		04848BA31AF0BC08005354A9 /* HyperSlide */ = {
			isa = PBXNativeTarget;
			buildConfigurationList = 04848BCC1AF0BC08005354A9 /* Build configuration list for PBXNativeTarget "HyperSlide" */;
			buildPhases = (
				04848BA01AF0BC08005354A9 /* Sources */,
				04848BA11AF0BC08005354A9 /* Frameworks */,
				04848BA21AF0BC08005354A9 /* Resources */,
			);
			buildRules = (
			);
			dependencies = (
			);
			name = HyperSlide;
			productName = HyperSlide;
			productReference = 04848BA41AF0BC08005354A9 /* HyperSlide.app */;
			productType = "com.apple.product-type.application";
		};
		04848BC11AF0BC08005354A9 /* HyperSlideTests */ = {
			isa = PBXNativeTarget;
			buildConfigurationList = 04848BCF1AF0BC08005354A9 /* Build configuration list for PBXNativeTarget "HyperSlideTests" */;
			buildPhases = (
				04848BBE1AF0BC08005354A9 /* Sources */,
				04848BBF1AF0BC08005354A9 /* Frameworks */,
				04848BC01AF0BC08005354A9 /* Resources */,
			);
			buildRules = (
			);
			dependencies = (
				04848BC41AF0BC08005354A9 /* PBXTargetDependency */,
			);
			name = HyperSlideTests;
			productName = HyperSlideTests;
			productReference = 04848BC21AF0BC08005354A9 /* HyperSlideTests.xctest */;
			productType = "com.apple.product-type.bundle.unit-test";
		};
/* End PBXNativeTarget section */

/* Begin PBXProject section */
		04848B9C1AF0BC08005354A9 /* Project object */ = {
			isa = PBXProject;
			attributes = {
				LastUpgradeCheck = 0630;
				ORGANIZATIONNAME = Morgan;
				TargetAttributes = {
					04848BA31AF0BC08005354A9 = {
						CreatedOnToolsVersion = 6.3;
						DevelopmentTeam = ZWC8H5D679;
					};
					04848BC11AF0BC08005354A9 = {
						CreatedOnToolsVersion = 6.3;
						TestTargetID = 04848BA31AF0BC08005354A9;
					};
				};
			};
			buildConfigurationList = 04848B9F1AF0BC08005354A9 /* Build configuration list for PBXProject "HyperSlide" */;
			compatibilityVersion = "Xcode 3.2";
			developmentRegion = English;
			hasScannedForEncodings = 0;
			knownRegions = (
				en,
				Base,
			);
			mainGroup = 04848B9B1AF0BC08005354A9;
			productRefGroup = 04848BA51AF0BC08005354A9 /* Products */;
			projectDirPath = "";
			projectRoot = "";
			targets = (
				04848BA31AF0BC08005354A9 /* HyperSlide */,
				04848BC11AF0BC08005354A9 /* HyperSlideTests */,
			);
		};
/* End PBXProject section */

/* Begin PBXResourcesBuildPhase section */
		04848BA21AF0BC08005354A9 /* Resources */ = {
			isa = PBXResourcesBuildPhase;
			buildActionMask = 2147483647;
			files = (
				04848BBD1AF0BC08005354A9 /* LaunchScreen.xib in Resources */,
				04848BBA1AF0BC08005354A9 /* Images.xcassets in Resources */,
				04848BB81AF0BC08005354A9 /* Main.storyboard in Resources */,
			);
			runOnlyForDeploymentPostprocessing = 0;
		};
		04848BC01AF0BC08005354A9 /* Resources */ = {
			isa = PBXResourcesBuildPhase;
			buildActionMask = 2147483647;
			files = (
			);
			runOnlyForDeploymentPostprocessing = 0;
		};
/* End PBXResourcesBuildPhase section */

/* Begin PBXSourcesBuildPhase section */
		04848BA01AF0BC08005354A9 /* Sources */ = {
			isa = PBXSourcesBuildPhase;
			buildActionMask = 2147483647;
			files = (
				04848BB51AF0BC08005354A9 /* GameViewController.m in Sources */,
				04848BAD1AF0BC08005354A9 /* AppDelegate.m in Sources */,
				04848BB01AF0BC08005354A9 /* GameScene.m in Sources */,
				04848BAA1AF0BC08005354A9 /* main.m in Sources */,
			);
			runOnlyForDeploymentPostprocessing = 0;
		};
		04848BBE1AF0BC08005354A9 /* Sources */ = {
			isa = PBXSourcesBuildPhase;
			buildActionMask = 2147483647;
			files = (
				04848BC91AF0BC08005354A9 /* HyperSlideTests.m in Sources */,
			);
			runOnlyForDeploymentPostprocessing = 0;
		};
/* End PBXSourcesBuildPhase section */

/* Begin PBXTargetDependency section */
		04848BC41AF0BC08005354A9 /* PBXTargetDependency */ = {
			isa = PBXTargetDependency;
			target = 04848BA31AF0BC08005354A9 /* HyperSlide */;
			targetProxy = 04848BC31AF0BC08005354A9 /* PBXContainerItemProxy */;
		};
/* End PBXTargetDependency section */

/* Begin PBXVariantGroup section */
		04848BB61AF0BC08005354A9 /* Main.storyboard */ = {
			isa = PBXVariantGroup;
			children = (
				04848BB71AF0BC08005354A9 /* Base */,
			);
			name = Main.storyboard;
			sourceTree = "<group>";
		};
		04848BBB1AF0BC08005354A9 /* LaunchScreen.xib */ = {
			isa = PBXVariantGroup;
			children = (
				04848BBC1AF0BC08005354A9 /* Base */,
			);
			name = LaunchScreen.xib;
			sourceTree = "<group>";
		};
/* End PBXVariantGroup section */

/* Begin XCBuildConfiguration section */
		04848BCA1AF0BC08005354A9 /* Debug */ = {
			isa = XCBuildConfiguration;
			buildSettings = {
				ALWAYS_SEARCH_USER_PATHS = NO;
				CLANG_CXX_LANGUAGE_STANDARD = "gnu++0x";
				CLANG_CXX_LIBRARY = "libc++";
				CLANG_ENABLE_MODULES = YES;
				CLANG_ENABLE_OBJC_ARC = YES;
				CLANG_WARN_BOOL_CONVERSION = YES;
				CLANG_WARN_CONSTANT_CONVERSION = YES;
				CLANG_WARN_DIRECT_OBJC_ISA_USAGE = YES_ERROR;
				CLANG_WARN_EMPTY_BODY = YES;
				CLANG_WARN_ENUM_CONVERSION = YES;
				CLANG_WARN_INT_CONVERSION = YES;
				CLANG_WARN_OBJC_ROOT_CLASS = YES_ERROR;
				CLANG_WARN_UNREACHABLE_CODE = YES;
				CLANG_WARN__DUPLICATE_METHOD_MATCH = YES;
				"CODE_SIGN_IDENTITY[sdk=iphoneos*]" = "iPhone Developer";
				COPY_PHASE_STRIP = NO;
				DEBUG_INFORMATION_FORMAT = "dwarf-with-dsym";
				ENABLE_STRICT_OBJC_MSGSEND = YES;
				GCC_C_LANGUAGE_STANDARD = gnu99;
				GCC_DYNAMIC_NO_PIC = NO;
				GCC_NO_COMMON_BLOCKS = YES;
				GCC_OPTIMIZATION_LEVEL = 0;
				GCC_PREPROCESSOR_DEFINITIONS = (
					"DEBUG=1",
					"$(inherited)",
				);
				GCC_SYMBOLS_PRIVATE_EXTERN = NO;
				GCC_WARN_64_TO_32_BIT_CONVERSION = YES;
				GCC_WARN_ABOUT_RETURN_TYPE = YES_ERROR;
				GCC_WARN_UNDECLARED_SELECTOR = YES;
				GCC_WARN_UNINITIALIZED_AUTOS = YES_AGGRESSIVE;
				GCC_WARN_UNUSED_FUNCTION = YES;
				GCC_WARN_UNUSED_VARIABLE = YES;
				IPHONEOS_DEPLOYMENT_TARGET = 8.3;
				MTL_ENABLE_DEBUG_INFO = YES;
				ONLY_ACTIVE_ARCH = YES;
				SDKROOT = iphoneos;
				TARGETED_DEVICE_FAMILY = "1,2";
			};
			name = Debug;
		};
		04848BCB1AF0BC08005354A9 /* Release */ = {
			isa = XCBuildConfiguration;
			buildSettings = {
				ALWAYS_SEARCH_USER_PATHS = NO;
				CLANG_CXX_LANGUAGE_STANDARD = "gnu++0x";
				CLANG_CXX_LIBRARY = "libc++";
				CLANG_ENABLE_MODULES = YES;
				CLANG_ENABLE_OBJC_ARC = YES;
				CLANG_WARN_BOOL_CONVERSION = YES;
				CLANG_WARN_CONSTANT_CONVERSION = YES;
				CLANG_WARN_DIRECT_OBJC_ISA_USAGE = YES_ERROR;
				CLANG_WARN_EMPTY_BODY = YES;
				CLANG_WARN_ENUM_CONVERSION = YES;
				CLANG_WARN_INT_CONVERSION = YES;
				CLANG_WARN_OBJC_ROOT_CLASS = YES_ERROR;
				CLANG_WARN_UNREACHABLE_CODE = YES;
				CLANG_WARN__DUPLICATE_METHOD_MATCH = YES;
				"CODE_SIGN_IDENTITY[sdk=iphoneos*]" = "iPhone Developer";
				COPY_PHASE_STRIP = NO;
				DEBUG_INFORMATION_FORMAT = "dwarf-with-dsym";
				ENABLE_NS_ASSERTIONS = NO;
				ENABLE_STRICT_OBJC_MSGSEND = YES;
				GCC_C_LANGUAGE_STANDARD = gnu99;
				GCC_NO_COMMON_BLOCKS = YES;
				GCC_WARN_64_TO_32_BIT_CONVERSION = YES;
				GCC_WARN_ABOUT_RETURN_TYPE = YES_ERROR;
				GCC_WARN_UNDECLARED_SELECTOR = YES;
				GCC_WARN_UNINITIALIZED_AUTOS = YES_AGGRESSIVE;
				GCC_WARN_UNUSED_FUNCTION = YES;
				GCC_WARN_UNUSED_VARIABLE = YES;
				IPHONEOS_DEPLOYMENT_TARGET = 8.3;
				MTL_ENABLE_DEBUG_INFO = NO;
				SDKROOT = iphoneos;
				TARGETED_DEVICE_FAMILY = "1,2";
				VALIDATE_PRODUCT = YES;
			};
			name = Release;
		};
		04848BCD1AF0BC08005354A9 /* Debug */ = {
			isa = XCBuildConfiguration;
			buildSettings = {
				ASSETCATALOG_COMPILER_APPICON_NAME = AppIcon;
				CODE_SIGN_IDENTITY = "iPhone Developer";
				"CODE_SIGN_IDENTITY[sdk=iphoneos*]" = "iPhone Developer";
				INFOPLIST_FILE = HyperSlide/Info.plist;
				IPHONEOS_DEPLOYMENT_TARGET = 7.1;
				LD_RUNPATH_SEARCH_PATHS = "$(inherited) @executable_path/Frameworks";
				PRODUCT_NAME = "$(TARGET_NAME)";
				PROVISIONING_PROFILE = "";
			};
			name = Debug;
		};
		04848BCE1AF0BC08005354A9 /* Release */ = {
			isa = XCBuildConfiguration;
			buildSettings = {
				ASSETCATALOG_COMPILER_APPICON_NAME = AppIcon;
				CODE_SIGN_IDENTITY = "iPhone Developer";
				"CODE_SIGN_IDENTITY[sdk=iphoneos*]" = "iPhone Developer";
				INFOPLIST_FILE = HyperSlide/Info.plist;
				IPHONEOS_DEPLOYMENT_TARGET = 7.1;
				LD_RUNPATH_SEARCH_PATHS = "$(inherited) @executable_path/Frameworks";
				PRODUCT_NAME = "$(TARGET_NAME)";
				PROVISIONING_PROFILE = "";
			};
			name = Release;
		};
		04848BD01AF0BC08005354A9 /* Debug */ = {
			isa = XCBuildConfiguration;
			buildSettings = {
				BUNDLE_LOADER = "$(TEST_HOST)";
				FRAMEWORK_SEARCH_PATHS = (
					"$(SDKROOT)/Developer/Library/Frameworks",
					"$(inherited)",
				);
				GCC_PREPROCESSOR_DEFINITIONS = (
					"DEBUG=1",
					"$(inherited)",
				);
				INFOPLIST_FILE = HyperSlideTests/Info.plist;
				LD_RUNPATH_SEARCH_PATHS = "$(inherited) @executable_path/Frameworks @loader_path/Frameworks";
				PRODUCT_NAME = "$(TARGET_NAME)";
				TEST_HOST = "$(BUILT_PRODUCTS_DIR)/HyperSlide.app/HyperSlide";
			};
			name = Debug;
		};
		04848BD11AF0BC08005354A9 /* Release */ = {
			isa = XCBuildConfiguration;
			buildSettings = {
				BUNDLE_LOADER = "$(TEST_HOST)";
				FRAMEWORK_SEARCH_PATHS = (
					"$(SDKROOT)/Developer/Library/Frameworks",
					"$(inherited)",
				);
				INFOPLIST_FILE = HyperSlideTests/Info.plist;
				LD_RUNPATH_SEARCH_PATHS = "$(inherited) @executable_path/Frameworks @loader_path/Frameworks";
				PRODUCT_NAME = "$(TARGET_NAME)";
				TEST_HOST = "$(BUILT_PRODUCTS_DIR)/HyperSlide.app/HyperSlide";
			};
			name = Release;
		};
/* End XCBuildConfiguration section */

/* Begin XCConfigurationList section */
		04848B9F1AF0BC08005354A9 /* Build configuration list for PBXProject "HyperSlide" */ = {
			isa = XCConfigurationList;
			buildConfigurations = (
				04848BCA1AF0BC08005354A9 /* Debug */,
				04848BCB1AF0BC08005354A9 /* Release */,
			);
			defaultConfigurationIsVisible = 0;
			defaultConfigurationName = Release;
		};
		04848BCC1AF0BC08005354A9 /* Build configuration list for PBXNativeTarget "HyperSlide" */ = {
			isa = XCConfigurationList;
			buildConfigurations = (
				04848BCD1AF0BC08005354A9 /* Debug */,
				04848BCE1AF0BC08005354A9 /* Release */,
			);
			defaultConfigurationIsVisible = 0;
			defaultConfigurationName = Release;
		};
		04848BCF1AF0BC08005354A9 /* Build configuration list for PBXNativeTarget "HyperSlideTests" */ = {
			isa = XCConfigurationList;
			buildConfigurations = (
				04848BD01AF0BC08005354A9 /* Debug */,
				04848BD11AF0BC08005354A9 /* Release */,
			);
			defaultConfigurationIsVisible = 0;
			defaultConfigurationName = Release;
		};
/* End XCConfigurationList section */
	};
	rootObject = 04848B9C1AF0BC08005354A9 /* Project object */;
}
